# THIS IS AN AUTOGENERATED FILE. DO NOT EDIT THIS FILE DIRECTLY.
# yarn lockfile v1


"@tanstack/query-core@5.90.20":
  version "5.90.20"
  resolved "https://registry.yarnpkg.com/@tanstack/query-core/-/query-core-5.90.20.tgz#e12128e39210715d4ce4fb299c33498ac297771e"
  integrity sha512-OMD2HLpNouXEfZJWcKeVKUgQ5n+n3A2JFmBaScpNDUqSrQSjiveC7dKMe53uJUg1nDG16ttFPz2xfilz6i2uVg==

"@tanstack/react-query@^5.90.21":
  version "5.90.21"
  resolved "https://registry.yarnpkg.com/@tanstack/react-query/-/react-query-5.90.21.tgz#e0eb40831a76510be438109435b8807ef63ab1b9"
  integrity sha512-0Lu6y5t+tvlTJMTO7oh5NSpJfpg/5D41LlThfepTixPYkJ0sE2Jj0m0f6yYqujBwIXlId87e234+MxG3D3g7kg==
  dependencies:
    "@tanstack/query-core" "5.90.20"
